// !$*UTF8*$!
{
	archiveVersion = 1;
	classes = {
	};
	objectVersion = 46;
	objects = {

/* Begin PBXBuildFile section */
		B9037E5619429E55004CC7C9 /* AppDelegate.swift in Sources */ = {isa = PBXBuildFile; fileRef = B9037E5519429E55004CC7C9 /* AppDelegate.swift */; };
		B9037E5819429E55004CC7C9 /* ViewController.swift in Sources */ = {isa = PBXBuildFile; fileRef = B9037E5719429E55004CC7C9 /* ViewController.swift */; };
		B9037E5B19429E55004CC7C9 /* Main.storyboard in Resources */ = {isa = PBXBuildFile; fileRef = B9037E5919429E55004CC7C9 /* Main.storyboard */; };
		B9037E5D19429E55004CC7C9 /* Images.xcassets in Resources */ = {isa = PBXBuildFile; fileRef = B9037E5C19429E55004CC7C9 /* Images.xcassets */; };
		B9037E6919429E55004CC7C9 /* SSLTests.swift in Sources */ = {isa = PBXBuildFile; fileRef = B9037E6819429E55004CC7C9 /* SSLTests.swift */; };
		B9037E7619429EF4004CC7C9 /* reload.png in Resources */ = {isa = PBXBuildFile; fileRef = B9037E7219429EF4004CC7C9 /* reload.png */; };
		B9037E7719429EF4004CC7C9 /* reload@2x.png in Resources */ = {isa = PBXBuildFile; fileRef = B9037E7319429EF4004CC7C9 /* reload@2x.png */; };
		B9037E7819429EF4004CC7C9 /* share.png in Resources */ = {isa = PBXBuildFile; fileRef = B9037E7419429EF4004CC7C9 /* share.png */; };
		B9037E7919429EF4004CC7C9 /* share@2x.png in Resources */ = {isa = PBXBuildFile; fileRef = B9037E7519429EF4004CC7C9 /* share@2x.png */; };
/* End PBXBuildFile section */

/* Begin PBXContainerItemProxy section */
		B9037E6319429E55004CC7C9 /* PBXContainerItemProxy */ = {
			isa = PBXContainerItemProxy;
			containerPortal = B9037E4819429E55004CC7C9 /* Project object */;
			proxyType = 1;
			remoteGlobalIDString = B9037E4F19429E55004CC7C9;
			remoteInfo = SSL;
		};
/* End PBXContainerItemProxy section */

/* Begin PBXFileReference section */
		B9037E5019429E55004CC7C9 /* SSL.app */ = {isa = PBXFileReference; explicitFileType = wrapper.application; includeInIndex = 0; path = SSL.app; sourceTree = BUILT_PRODUCTS_DIR; };
		B9037E5419429E55004CC7C9 /* Info.plist */ = {isa = PBXFileReference; lastKnownFileType = text.plist.xml; path = Info.plist; sourceTree = "<group>"; };
		B9037E5519429E55004CC7C9 /* AppDelegate.swift */ = {isa = PBXFileReference; lastKnownFileType = sourcecode.swift; path = AppDelegate.swift; sourceTree = "<group>"; };
		B9037E5719429E55004CC7C9 /* ViewController.swift */ = {isa = PBXFileReference; lastKnownFileType = sourcecode.swift; path = ViewController.swift; sourceTree = "<group>"; };
		B9037E5A19429E55004CC7C9 /* Base */ = {isa = PBXFileReference; lastKnownFileType = file.storyboard; name = Base; path = Base.lproj/Main.storyboard; sourceTree = "<group>"; };
		B9037E5C19429E55004CC7C9 /* Images.xcassets */ = {isa = PBXFileReference; lastKnownFileType = folder.assetcatalog; path = Images.xcassets; sourceTree = "<group>"; };
		B9037E6219429E55004CC7C9 /* SSLTests.xctest */ = {isa = PBXFileReference; explicitFileType = wrapper.cfbundle; includeInIndex = 0; path = SSLTests.xctest; sourceTree = BUILT_PRODUCTS_DIR; };
		B9037E6719429E55004CC7C9 /* Info.plist */ = {isa = PBXFileReference; lastKnownFileType = text.plist.xml; path = Info.plist; sourceTree = "<group>"; };
		B9037E6819429E55004CC7C9 /* SSLTests.swift */ = {isa = PBXFileReference; lastKnownFileType = sourcecode.swift; path = SSLTests.swift; sourceTree = "<group>"; };
		B9037E7219429EF4004CC7C9 /* reload.png */ = {isa = PBXFileReference; lastKnownFileType = image.png; path = reload.png; sourceTree = "<group>"; };
		B9037E7319429EF4004CC7C9 /* reload@2x.png */ = {isa = PBXFileReference; lastKnownFileType = image.png; path = "reload@2x.png"; sourceTree = "<group>"; };
		B9037E7419429EF4004CC7C9 /* share.png */ = {isa = PBXFileReference; lastKnownFileType = image.png; path = share.png; sourceTree = "<group>"; };
		B9037E7519429EF4004CC7C9 /* share@2x.png */ = {isa = PBXFileReference; lastKnownFileType = image.png; path = "share@2x.png"; sourceTree = "<group>"; };
/* End PBXFileReference section */

/* Begin PBXFrameworksBuildPhase section */
		B9037E4D19429E55004CC7C9 /* Frameworks */ = {
			isa = PBXFrameworksBuildPhase;
			buildActionMask = 2147483647;
			files = (
			);
			runOnlyForDeploymentPostprocessing = 0;
		};
		B9037E5F19429E55004CC7C9 /* Frameworks */ = {
			isa = PBXFrameworksBuildPhase;
			buildActionMask = 2147483647;
			files = (
			);
			runOnlyForDeploymentPostprocessing = 0;
		};
/* End PBXFrameworksBuildPhase section */

/* Begin PBXGroup section */
		B9037E4719429E55004CC7C9 = {
			isa = PBXGroup;
			children = (
				B9037E5219429E55004CC7C9 /* SSL */,
				B9037E6519429E55004CC7C9 /* SSLTests */,
				B9037E5119429E55004CC7C9 /* Products */,
			);
			sourceTree = "<group>";
		};
		B9037E5119429E55004CC7C9 /* Products */ = {
			isa = PBXGroup;
			children = (
				B9037E5019429E55004CC7C9 /* SSL.app */,
				B9037E6219429E55004CC7C9 /* SSLTests.xctest */,
			);
			name = Products;
			sourceTree = "<group>";
		};
		B9037E5219429E55004CC7C9 /* SSL */ = {
			isa = PBXGroup;
			children = (
				B9037E5519429E55004CC7C9 /* AppDelegate.swift */,
				B9037E5719429E55004CC7C9 /* ViewController.swift */,
				B9037E5919429E55004CC7C9 /* Main.storyboard */,
				B9037E7219429EF4004CC7C9 /* reload.png */,
				B9037E7319429EF4004CC7C9 /* reload@2x.png */,
				B9037E7419429EF4004CC7C9 /* share.png */,
				B9037E7519429EF4004CC7C9 /* share@2x.png */,
				B9037E5C19429E55004CC7C9 /* Images.xcassets */,
				B9037E5319429E55004CC7C9 /* Supporting Files */,
			);
			path = SSL;
			sourceTree = "<group>";
		};
		B9037E5319429E55004CC7C9 /* Supporting Files */ = {
			isa = PBXGroup;
			children = (
				B9037E5419429E55004CC7C9 /* Info.plist */,
			);
			name = "Supporting Files";
			sourceTree = "<group>";
		};
		B9037E6519429E55004CC7C9 /* SSLTests */ = {
			isa = PBXGroup;
			children = (
				B9037E6819429E55004CC7C9 /* SSLTests.swift */,
				B9037E6619429E55004CC7C9 /* Supporting Files */,
			);
			path = SSLTests;
			sourceTree = "<group>";
		};
		B9037E6619429E55004CC7C9 /* Supporting Files */ = {
			isa = PBXGroup;
			children = (
				B9037E6719429E55004CC7C9 /* Info.plist */,
			);
			name = "Supporting Files";
			sourceTree = "<group>";
		};
/* End PBXGroup section */

/* Begin PBXNativeTarget section */
		B9037E4F19429E55004CC7C9 /* SSL */ = {
			isa = PBXNativeTarget;
			buildConfigurationList = B9037E6C19429E55004CC7C9 /* Build configuration list for PBXNativeTarget "SSL" */;
			buildPhases = (
				B9037E4C19429E55004CC7C9 /* Sources */,
				B9037E4D19429E55004CC7C9 /* Frameworks */,
				B9037E4E19429E55004CC7C9 /* Resources */,
			);
			buildRules = (
			);
			dependencies = (
			);
			name = SSL;
			productName = SSL;
			productReference = B9037E5019429E55004CC7C9 /* SSL.app */;
			productType = "com.apple.product-type.application";
		};
		B9037E6119429E55004CC7C9 /* SSLTests */ = {
			isa = PBXNativeTarget;
			buildConfigurationList = B9037E6F19429E55004CC7C9 /* Build configuration list for PBXNativeTarget "SSLTests" */;
			buildPhases = (
				B9037E5E19429E55004CC7C9 /* Sources */,
				B9037E5F19429E55004CC7C9 /* Frameworks */,
				B9037E6019429E55004CC7C9 /* Resources */,
			);
			buildRules = (
			);
			dependencies = (
				B9037E6419429E55004CC7C9 /* PBXTargetDependency */,
			);
			name = SSLTests;
			productName = SSLTests;
			productReference = B9037E6219429E55004CC7C9 /* SSLTests.xctest */;
			productType = "com.apple.product-type.bundle.unit-test";
		};
/* End PBXNativeTarget section */

/* Begin PBXProject section */
		B9037E4819429E55004CC7C9 /* Project object */ = {
			isa = PBXProject;
			attributes = {
				LastUpgradeCheck = 0600;
				ORGANIZATIONNAME = Haifisch;
				TargetAttributes = {
					B9037E4F19429E55004CC7C9 = {
						CreatedOnToolsVersion = 6.0;
					};
					B9037E6119429E55004CC7C9 = {
						CreatedOnToolsVersion = 6.0;
						TestTargetID = B9037E4F19429E55004CC7C9;
					};
				};
			};
			buildConfigurationList = B9037E4B19429E55004CC7C9 /* Build configuration list for PBXProject "SSL" */;
			compatibilityVersion = "Xcode 3.2";
			developmentRegion = English;
			hasScannedForEncodings = 0;
			knownRegions = (
				en,
				Base,
			);
			mainGroup = B9037E4719429E55004CC7C9;
			productRefGroup = B9037E5119429E55004CC7C9 /* Products */;
			projectDirPath = "";
			projectRoot = "";
			targets = (
				B9037E4F19429E55004CC7C9 /* SSL */,
				B9037E6119429E55004CC7C9 /* SSLTests */,
			);
		};
/* End PBXProject section */

/* Begin PBXResourcesBuildPhase section */
		B9037E4E19429E55004CC7C9 /* Resources */ = {
			isa = PBXResourcesBuildPhase;
			buildActionMask = 2147483647;
			files = (
				B9037E5B19429E55004CC7C9 /* Main.storyboard in Resources */,
				B9037E7719429EF4004CC7C9 /* reload@2x.png in Resources */,
				B9037E7919429EF4004CC7C9 /* share@2x.png in Resources */,
				B9037E7819429EF4004CC7C9 /* share.png in Resources */,
				B9037E7619429EF4004CC7C9 /* reload.png in Resources */,
				B9037E5D19429E55004CC7C9 /* Images.xcassets in Resources */,
			);
			runOnlyForDeploymentPostprocessing = 0;
		};
		B9037E6019429E55004CC7C9 /* Resources */ = {
			isa = PBXResourcesBuildPhase;
			buildActionMask = 2147483647;
			files = (
			);
			runOnlyForDeploymentPostprocessing = 0;
		};
/* End PBXResourcesBuildPhase section */

/* Begin PBXSourcesBuildPhase section */
		B9037E4C19429E55004CC7C9 /* Sources */ = {
			isa = PBXSourcesBuildPhase;
			buildActionMask = 2147483647;
			files = (
				B9037E5819429E55004CC7C9 /* ViewController.swift in Sources */,
				B9037E5619429E55004CC7C9 /* AppDelegate.swift in Sources */,
			);
			runOnlyForDeploymentPostprocessing = 0;
		};
		B9037E5E19429E55004CC7C9 /* Sources */ = {
			isa = PBXSourcesBuildPhase;
			buildActionMask = 2147483647;
			files = (
				B9037E6919429E55004CC7C9 /* SSLTests.swift in Sources */,
			);
			runOnlyForDeploymentPostprocessing = 0;
		};
/* End PBXSourcesBuildPhase section */

/* Begin PBXTargetDependency section */
		B9037E6419429E55004CC7C9 /* PBXTargetDependency */ = {
			isa = PBXTargetDependency;
			target = B9037E4F19429E55004CC7C9 /* SSL */;
			targetProxy = B9037E6319429E55004CC7C9 /* PBXContainerItemProxy */;
		};
/* End PBXTargetDependency section */

/* Begin PBXVariantGroup section */
		B9037E5919429E55004CC7C9 /* Main.storyboard */ = {
			isa = PBXVariantGroup;
			children = (
				B9037E5A19429E55004CC7C9 /* Base */,
			);
			name = Main.storyboard;
			sourceTree = "<group>";
		};
/* End PBXVariantGroup section */

/* Begin XCBuildConfiguration section */
		B9037E6A19429E55004CC7C9 /* Debug */ = {
			isa = XCBuildConfiguration;
			buildSettings = {
				ALWAYS_SEARCH_USER_PATHS = NO;
				CLANG_CXX_LANGUAGE_STANDARD = "gnu++0x";
				CLANG_CXX_LIBRARY = "libc++";
				CLANG_ENABLE_MODULES = YES;
				CLANG_ENABLE_OBJC_ARC = YES;
				CLANG_WARN_BOOL_CONVERSION = YES;
				CLANG_WARN_CONSTANT_CONVERSION = YES;
				CLANG_WARN_DIRECT_OBJC_ISA_USAGE = YES_ERROR;
				CLANG_WARN_EMPTY_BODY = YES;
				CLANG_WARN_ENUM_CONVERSION = YES;
				CLANG_WARN_INT_CONVERSION = YES;
				CLANG_WARN_OBJC_ROOT_CLASS = YES_ERROR;
				CLANG_WARN_UNREACHABLE_CODE = YES;
				CLANG_WARN__DUPLICATE_METHOD_MATCH = YES;
				"CODE_SIGN_IDENTITY[sdk=iphoneos*]" = "iPhone Developer";
				COPY_PHASE_STRIP = NO;
				ENABLE_STRICT_OBJC_MSGSEND = YES;
				GCC_C_LANGUAGE_STANDARD = gnu99;
				GCC_DYNAMIC_NO_PIC = NO;
				GCC_OPTIMIZATION_LEVEL = 0;
				GCC_PREPROCESSOR_DEFINITIONS = (
					"DEBUG=1",
					"$(inherited)",
				);
				GCC_SYMBOLS_PRIVATE_EXTERN = NO;
				GCC_WARN_64_TO_32_BIT_CONVERSION = YES;
				GCC_WARN_ABOUT_RETURN_TYPE = YES_ERROR;
				GCC_WARN_UNDECLARED_SELECTOR = YES;
				GCC_WARN_UNINITIALIZED_AUTOS = YES_AGGRESSIVE;
				GCC_WARN_UNUSED_FUNCTION = YES;
				GCC_WARN_UNUSED_VARIABLE = YES;
				IPHONEOS_DEPLOYMENT_TARGET = 8.0;
				METAL_ENABLE_DEBUG_INFO = YES;
				ONLY_ACTIVE_ARCH = YES;
				SDKROOT = iphoneos;
				SWIFT_OPTIMIZATION_LEVEL = "-Onone";
			};
			name = Debug;
		};
		B9037E6B19429E55004CC7C9 /* Release */ = {
			isa = XCBuildConfiguration;
			buildSettings = {
				ALWAYS_SEARCH_USER_PATHS = NO;
				CLANG_CXX_LANGUAGE_STANDARD = "gnu++0x";
				CLANG_CXX_LIBRARY = "libc++";
				CLANG_ENABLE_MODULES = YES;
				CLANG_ENABLE_OBJC_ARC = YES;
				CLANG_WARN_BOOL_CONVERSION = YES;
				CLANG_WARN_CONSTANT_CONVERSION = YES;
				CLANG_WARN_DIRECT_OBJC_ISA_USAGE = YES_ERROR;
				CLANG_WARN_EMPTY_BODY = YES;
				CLANG_WARN_ENUM_CONVERSION = YES;
				CLANG_WARN_INT_CONVERSION = YES;
				CLANG_WARN_OBJC_ROOT_CLASS = YES_ERROR;
				CLANG_WARN_UNREACHABLE_CODE = YES;
				CLANG_WARN__DUPLICATE_METHOD_MATCH = YES;
				"CODE_SIGN_IDENTITY[sdk=iphoneos*]" = "iPhone Developer";
				COPY_PHASE_STRIP = YES;
				ENABLE_NS_ASSERTIONS = NO;
				ENABLE_STRICT_OBJC_MSGSEND = YES;
				GCC_C_LANGUAGE_STANDARD = gnu99;
				GCC_WARN_64_TO_32_BIT_CONVERSION = YES;
				GCC_WARN_ABOUT_RETURN_TYPE = YES_ERROR;
				GCC_WARN_UNDECLARED_SELECTOR = YES;
				GCC_WARN_UNINITIALIZED_AUTOS = YES_AGGRESSIVE;
				GCC_WARN_UNUSED_FUNCTION = YES;
				GCC_WARN_UNUSED_VARIABLE = YES;
				IPHONEOS_DEPLOYMENT_TARGET = 8.0;
				METAL_ENABLE_DEBUG_INFO = NO;
				SDKROOT = iphoneos;
				VALIDATE_PRODUCT = YES;
			};
			name = Release;
		};
		B9037E6D19429E55004CC7C9 /* Debug */ = {
			isa = XCBuildConfiguration;
			buildSettings = {
				ASSETCATALOG_COMPILER_APPICON_NAME = AppIcon;
				ASSETCATALOG_COMPILER_LAUNCHIMAGE_NAME = LaunchImage;
				INFOPLIST_FILE = SSL/Info.plist;
				LD_RUNPATH_SEARCH_PATHS = "$(inherited) @executable_path/Frameworks";
				PRODUCT_NAME = "$(TARGET_NAME)";
			};
			name = Debug;
		};
		B9037E6E19429E55004CC7C9 /* Release */ = {
			isa = XCBuildConfiguration;
			buildSettings = {
				ASSETCATALOG_COMPILER_APPICON_NAME = AppIcon;
				ASSETCATALOG_COMPILER_LAUNCHIMAGE_NAME = LaunchImage;
				INFOPLIST_FILE = SSL/Info.plist;
				LD_RUNPATH_SEARCH_PATHS = "$(inherited) @executable_path/Frameworks";
				PRODUCT_NAME = "$(TARGET_NAME)";
			};
			name = Release;
		};
		B9037E7019429E55004CC7C9 /* Debug */ = {
			isa = XCBuildConfiguration;
			buildSettings = {
				BUNDLE_LOADER = "$(BUILT_PRODUCTS_DIR)/SSL.app/SSL";
				FRAMEWORK_SEARCH_PATHS = (
					"$(SDKROOT)/Developer/Library/Frameworks",
					"$(inherited)",
				);
				GCC_PREPROCESSOR_DEFINITIONS = (
					"DEBUG=1",
					"$(inherited)",
				);
				INFOPLIST_FILE = SSLTests/Info.plist;
				LD_RUNPATH_SEARCH_PATHS = "$(inherited) @executable_path/Frameworks @loader_path/Frameworks";
				METAL_ENABLE_DEBUG_INFO = YES;
				PRODUCT_NAME = "$(TARGET_NAME)";
				TEST_HOST = "$(BUNDLE_LOADER)";
			};
			name = Debug;
		};
		B9037E7119429E55004CC7C9 /* Release */ = {
			isa = XCBuildConfiguration;
			buildSettings = {
				BUNDLE_LOADER = "$(BUILT_PRODUCTS_DIR)/SSL.app/SSL";
				FRAMEWORK_SEARCH_PATHS = (
					"$(SDKROOT)/Developer/Library/Frameworks",
					"$(inherited)",
				);
				INFOPLIST_FILE = SSLTests/Info.plist;
				LD_RUNPATH_SEARCH_PATHS = "$(inherited) @executable_path/Frameworks @loader_path/Frameworks";
				METAL_ENABLE_DEBUG_INFO = NO;
				PRODUCT_NAME = "$(TARGET_NAME)";
				TEST_HOST = "$(BUNDLE_LOADER)";
			};
			name = Release;
		};
/* End XCBuildConfiguration section */

/* Begin XCConfigurationList section */
		B9037E4B19429E55004CC7C9 /* Build configuration list for PBXProject "SSL" */ = {
			isa = XCConfigurationList;
			buildConfigurations = (
				B9037E6A19429E55004CC7C9 /* Debug */,
				B9037E6B19429E55004CC7C9 /* Release */,
			);
			defaultConfigurationIsVisible = 0;
			defaultConfigurationName = Release;
		};
		B9037E6C19429E55004CC7C9 /* Build configuration list for PBXNativeTarget "SSL" */ = {
			isa = XCConfigurationList;
			buildConfigurations = (
				B9037E6D19429E55004CC7C9 /* Debug */,
				B9037E6E19429E55004CC7C9 /* Release */,
			);
			defaultConfigurationIsVisible = 0;
		};
		B9037E6F19429E55004CC7C9 /* Build configuration list for PBXNativeTarget "SSLTests" */ = {
			isa = XCConfigurationList;
			buildConfigurations = (
				B9037E7019429E55004CC7C9 /* Debug */,
				B9037E7119429E55004CC7C9 /* Release */,
			);
			defaultConfigurationIsVisible = 0;
		};
/* End XCConfigurationList section */
	};
	rootObject = B9037E4819429E55004CC7C9 /* Project object */;
}
